
Microsoft Visual Studio Solution File, Format Version 12.00
# Visual Studio Version 16
VisualStudioVersion = 16.0.29503.13
MinimumVisualStudioVersion = 10.0.40219.1
Project("{FAE04EC0-301F-11D3-BF4B-00C04F79EFBC}") = "LarsonKajla", "LarsonKajla\LarsonKajla.csproj", "{2514778C-FAEB-45DD-85A3-0CCE4B23C348}"
EndProject
Global
	GlobalSection(SolutionConfigurationPlatforms) = preSolution
		Debug|Any CPU = Debug|Any CPU
		Release|Any CPU = Release|Any CPU
	EndGlobalSection
	GlobalSection(ProjectConfigurationPlatforms) = postSolution
		{2514778C-FAEB-45DD-85A3-0CCE4B23C348}.Debug|Any CPU.ActiveCfg = Debug|Any CPU
		{2514778C-FAEB-45DD-85A3-0CCE4B23C348}.Debug|Any CPU.Build.0 = Debug|Any CPU
		{2514778C-FAEB-45DD-85A3-0CCE4B23C348}.Release|Any CPU.ActiveCfg = Release|Any CPU
		{2514778C-FAEB-45DD-85A3-0CCE4B23C348}.Release|Any CPU.Build.0 = Release|Any CPU
	EndGlobalSection
	GlobalSection(SolutionProperties) = preSolution
		HideSolutionNode = FALSE
	EndGlobalSection
	GlobalSection(ExtensibilityGlobals) = postSolution
		SolutionGuid = {77A70C17-DEA1-4B13-AF2A-32C59419E8FE}
	EndGlobalSection
EndGlobal
